
Microsoft Visual Studio Solution File, Format Version 12.00
# Visual Studio 15
VisualStudioVersion = 15.0.27428.2011
MinimumVisualStudioVersion = 10.0.40219.1
Project("{FAE04EC0-301F-11D3-BF4B-00C04F79EFBC}") = "Laba7", "laba7papka_\Laba7.csproj", "{AB2E5A27-EB1F-4B3B-A52D-FFE9CB423E3E}"
EndProject
Project("{FAE04EC0-301F-11D3-BF4B-00C04F79EFBC}") = "UnitTest", "UnitTest\UnitTest.csproj", "{01E0ACDF-85DC-41CA-BCFF-48E0DBE0DE0A}"
EndProject
Global
	GlobalSection(SolutionConfigurationPlatforms) = preSolution
		Debug|Any CPU = Debug|Any CPU
		Release|Any CPU = Release|Any CPU
	EndGlobalSection
	GlobalSection(ProjectConfigurationPlatforms) = postSolution
		{AB2E5A27-EB1F-4B3B-A52D-FFE9CB423E3E}.Debug|Any CPU.ActiveCfg = Debug|Any CPU
		{AB2E5A27-EB1F-4B3B-A52D-FFE9CB423E3E}.Debug|Any CPU.Build.0 = Debug|Any CPU
		{AB2E5A27-EB1F-4B3B-A52D-FFE9CB423E3E}.Release|Any CPU.ActiveCfg = Release|Any CPU
		{AB2E5A27-EB1F-4B3B-A52D-FFE9CB423E3E}.Release|Any CPU.Build.0 = Release|Any CPU
		{01E0ACDF-85DC-41CA-BCFF-48E0DBE0DE0A}.Debug|Any CPU.ActiveCfg = Debug|Any CPU
		{01E0ACDF-85DC-41CA-BCFF-48E0DBE0DE0A}.Debug|Any CPU.Build.0 = Debug|Any CPU
		{01E0ACDF-85DC-41CA-BCFF-48E0DBE0DE0A}.Release|Any CPU.ActiveCfg = Release|Any CPU
		{01E0ACDF-85DC-41CA-BCFF-48E0DBE0DE0A}.Release|Any CPU.Build.0 = Release|Any CPU
	EndGlobalSection
	GlobalSection(SolutionProperties) = preSolution
		HideSolutionNode = FALSE
	EndGlobalSection
	GlobalSection(ExtensibilityGlobals) = postSolution
		SolutionGuid = {1A901A06-1CFD-47DB-AA47-29CD85A2C9AF}
	EndGlobalSection
EndGlobal
