
Microsoft Visual Studio Solution File, Format Version 12.00
# Visual Studio 14
VisualStudioVersion = 14.0.25420.1
MinimumVisualStudioVersion = 10.0.40219.1
Project("{FAE04EC0-301F-11D3-BF4B-00C04F79EFBC}") = "lab3_EPAM", "lab3_EPAM\lab3_EPAM.csproj", "{DD514428-DD5D-4B6B-9429-B24E4B68F670}"
EndProject
Project("{FAE04EC0-301F-11D3-BF4B-00C04F79EFBC}") = "lab3_EPAMTests", "lab3_EPAMTests\lab3_EPAMTests.csproj", "{D9DB5AEB-8B69-4FD1-942A-6371FBE67D85}"
EndProject
Global
	GlobalSection(SolutionConfigurationPlatforms) = preSolution
		Debug|Any CPU = Debug|Any CPU
		Release|Any CPU = Release|Any CPU
	EndGlobalSection
	GlobalSection(ProjectConfigurationPlatforms) = postSolution
		{DD514428-DD5D-4B6B-9429-B24E4B68F670}.Debug|Any CPU.ActiveCfg = Debug|Any CPU
		{DD514428-DD5D-4B6B-9429-B24E4B68F670}.Debug|Any CPU.Build.0 = Debug|Any CPU
		{DD514428-DD5D-4B6B-9429-B24E4B68F670}.Release|Any CPU.ActiveCfg = Release|Any CPU
		{DD514428-DD5D-4B6B-9429-B24E4B68F670}.Release|Any CPU.Build.0 = Release|Any CPU
		{D9DB5AEB-8B69-4FD1-942A-6371FBE67D85}.Debug|Any CPU.ActiveCfg = Debug|Any CPU
		{D9DB5AEB-8B69-4FD1-942A-6371FBE67D85}.Debug|Any CPU.Build.0 = Debug|Any CPU
		{D9DB5AEB-8B69-4FD1-942A-6371FBE67D85}.Release|Any CPU.ActiveCfg = Release|Any CPU
		{D9DB5AEB-8B69-4FD1-942A-6371FBE67D85}.Release|Any CPU.Build.0 = Release|Any CPU
	EndGlobalSection
	GlobalSection(SolutionProperties) = preSolution
		HideSolutionNode = FALSE
	EndGlobalSection
EndGlobal
